
Microsoft Visual Studio Solution File, Format Version 12.00
Project("{FAE04EC0-301F-11D3-BF4B-00C04F79EFBC}") = "DepositCalculator.Desktop", "DepositCalculator.Desktop\DepositCalculator.Desktop.csproj", "{566A6DC1-38E9-47E8-8E9A-BED962E7F2FA}"
EndProject
Project("{FAE04EC0-301F-11D3-BF4B-00C04F79EFBC}") = "DepositCalculator.Domain", "DepositCalculator.Domain\DepositCalculator.Domain.csproj", "{9538342A-C8FF-4FCB-8AB5-636ED546BEBF}"
EndProject
Global
	GlobalSection(SolutionConfigurationPlatforms) = preSolution
		Debug|Any CPU = Debug|Any CPU
		Release|Any CPU = Release|Any CPU
	EndGlobalSection
	GlobalSection(ProjectConfigurationPlatforms) = postSolution
		{566A6DC1-38E9-47E8-8E9A-BED962E7F2FA}.Debug|Any CPU.ActiveCfg = Debug|Any CPU
		{566A6DC1-38E9-47E8-8E9A-BED962E7F2FA}.Debug|Any CPU.Build.0 = Debug|Any CPU
		{566A6DC1-38E9-47E8-8E9A-BED962E7F2FA}.Release|Any CPU.ActiveCfg = Release|Any CPU
		{566A6DC1-38E9-47E8-8E9A-BED962E7F2FA}.Release|Any CPU.Build.0 = Release|Any CPU
		{9538342A-C8FF-4FCB-8AB5-636ED546BEBF}.Debug|Any CPU.ActiveCfg = Debug|Any CPU
		{9538342A-C8FF-4FCB-8AB5-636ED546BEBF}.Debug|Any CPU.Build.0 = Debug|Any CPU
		{9538342A-C8FF-4FCB-8AB5-636ED546BEBF}.Release|Any CPU.ActiveCfg = Release|Any CPU
		{9538342A-C8FF-4FCB-8AB5-636ED546BEBF}.Release|Any CPU.Build.0 = Release|Any CPU
	EndGlobalSection
EndGlobal
